
Microsoft Visual Studio Solution File, Format Version 12.00
# Visual Studio Version 16
VisualStudioVersion = 25.0.1700.5
MinimumVisualStudioVersion = 10.0.40219.1
Project("{FAE04EC0-301F-11D3-BF4B-00C04F79EFBC}") = "Wisdom_blog_project", "Wisdom_blog_project\Wisdom_blog_project.csproj", "{172BFACD-ADDE-4A1F-A363-E4952C37529A}"
EndProject
Project("{FAE04EC0-301F-11D3-BF4B-00C04F79EFBC}") = "Wisdom_blog_library", "Wisdom_blog_library\Wisdom_blog_library.csproj", "{9B04BC11-8BD9-4D7C-BE3E-77B3DA817891}"
EndProject
Project("{FAE04EC0-301F-11D3-BF4B-00C04F79EFBC}") = "Wisdom_blog_tests", "Wisdom_blog_tests\Wisdom_blog_tests.csproj", "{624F884B-196D-46B3-8B3A-807119DF737F}"
EndProject
Global
	GlobalSection(SolutionConfigurationPlatforms) = preSolution
		Debug|Any CPU = Debug|Any CPU
		Release|Any CPU = Release|Any CPU
	EndGlobalSection
	GlobalSection(ProjectConfigurationPlatforms) = postSolution
		{172BFACD-ADDE-4A1F-A363-E4952C37529A}.Debug|Any CPU.ActiveCfg = Debug|Any CPU
		{172BFACD-ADDE-4A1F-A363-E4952C37529A}.Debug|Any CPU.Build.0 = Debug|Any CPU
		{172BFACD-ADDE-4A1F-A363-E4952C37529A}.Release|Any CPU.ActiveCfg = Release|Any CPU
		{172BFACD-ADDE-4A1F-A363-E4952C37529A}.Release|Any CPU.Build.0 = Release|Any CPU
		{9B04BC11-8BD9-4D7C-BE3E-77B3DA817891}.Debug|Any CPU.ActiveCfg = Debug|Any CPU
		{9B04BC11-8BD9-4D7C-BE3E-77B3DA817891}.Debug|Any CPU.Build.0 = Debug|Any CPU
		{9B04BC11-8BD9-4D7C-BE3E-77B3DA817891}.Release|Any CPU.ActiveCfg = Release|Any CPU
		{9B04BC11-8BD9-4D7C-BE3E-77B3DA817891}.Release|Any CPU.Build.0 = Release|Any CPU
		{624F884B-196D-46B3-8B3A-807119DF737F}.Debug|Any CPU.ActiveCfg = Debug|Any CPU
		{624F884B-196D-46B3-8B3A-807119DF737F}.Debug|Any CPU.Build.0 = Debug|Any CPU
		{624F884B-196D-46B3-8B3A-807119DF737F}.Release|Any CPU.ActiveCfg = Release|Any CPU
		{624F884B-196D-46B3-8B3A-807119DF737F}.Release|Any CPU.Build.0 = Release|Any CPU
	EndGlobalSection
	GlobalSection(SolutionProperties) = preSolution
		HideSolutionNode = FALSE
	EndGlobalSection
	GlobalSection(ExtensibilityGlobals) = postSolution
		SolutionGuid = {AF79E9D0-DD93-4788-8ACE-2E9B25434E7E}
	EndGlobalSection
EndGlobal
